// !$*UTF8*$!
{
	archiveVersion = 1;
	classes = {
	};
	objectVersion = 50;
	objects = {

/* Begin PBXBuildFile section */
		BC71FDE4247ECE8B00AC8B9B /* AppDelegate.m in Sources */ = {isa = PBXBuildFile; fileRef = BC71FDE3247ECE8B00AC8B9B /* AppDelegate.m */; };
		BC71FDE7247ECE8B00AC8B9B /* SceneDelegate.m in Sources */ = {isa = PBXBuildFile; fileRef = BC71FDE6247ECE8B00AC8B9B /* SceneDelegate.m */; };
		BC71FDEA247ECE8B00AC8B9B /* ViewController.m in Sources */ = {isa = PBXBuildFile; fileRef = BC71FDE9247ECE8B00AC8B9B /* ViewController.m */; };
		BC71FDED247ECE8B00AC8B9B /* Main.storyboard in Resources */ = {isa = PBXBuildFile; fileRef = BC71FDEB247ECE8B00AC8B9B /* Main.storyboard */; };
		BC71FDF0247ECE8B00AC8B9B /* SoundPlayingApp.xcdatamodeld in Sources */ = {isa = PBXBuildFile; fileRef = BC71FDEE247ECE8B00AC8B9B /* SoundPlayingApp.xcdatamodeld */; };
		BC71FDF2247ECE8D00AC8B9B /* Assets.xcassets in Resources */ = {isa = PBXBuildFile; fileRef = BC71FDF1247ECE8D00AC8B9B /* Assets.xcassets */; };
		BC71FDF5247ECE8D00AC8B9B /* LaunchScreen.storyboard in Resources */ = {isa = PBXBuildFile; fileRef = BC71FDF3247ECE8D00AC8B9B /* LaunchScreen.storyboard */; };
		BC71FDF8247ECE8D00AC8B9B /* main.m in Sources */ = {isa = PBXBuildFile; fileRef = BC71FDF7247ECE8D00AC8B9B /* main.m */; };
		BC71FE02247ECE8D00AC8B9B /* SoundPlayingAppTests.m in Sources */ = {isa = PBXBuildFile; fileRef = BC71FE01247ECE8D00AC8B9B /* SoundPlayingAppTests.m */; };
		BC71FE0D247ECE8D00AC8B9B /* SoundPlayingAppUITests.m in Sources */ = {isa = PBXBuildFile; fileRef = BC71FE0C247ECE8D00AC8B9B /* SoundPlayingAppUITests.m */; };
/* End PBXBuildFile section */

/* Begin PBXContainerItemProxy section */
		BC71FDFE247ECE8D00AC8B9B /* PBXContainerItemProxy */ = {
			isa = PBXContainerItemProxy;
			containerPortal = BC71FDD7247ECE8B00AC8B9B /* Project object */;
			proxyType = 1;
			remoteGlobalIDString = BC71FDDE247ECE8B00AC8B9B;
			remoteInfo = SoundPlayingApp;
		};
		BC71FE09247ECE8D00AC8B9B /* PBXContainerItemProxy */ = {
			isa = PBXContainerItemProxy;
			containerPortal = BC71FDD7247ECE8B00AC8B9B /* Project object */;
			proxyType = 1;
			remoteGlobalIDString = BC71FDDE247ECE8B00AC8B9B;
			remoteInfo = SoundPlayingApp;
		};
/* End PBXContainerItemProxy section */

/* Begin PBXFileReference section */
		BC71FDDF247ECE8B00AC8B9B /* SoundPlayingApp.app */ = {isa = PBXFileReference; explicitFileType = wrapper.application; includeInIndex = 0; path = SoundPlayingApp.app; sourceTree = BUILT_PRODUCTS_DIR; };
		BC71FDE2247ECE8B00AC8B9B /* AppDelegate.h */ = {isa = PBXFileReference; lastKnownFileType = sourcecode.c.h; path = AppDelegate.h; sourceTree = "<group>"; };
		BC71FDE3247ECE8B00AC8B9B /* AppDelegate.m */ = {isa = PBXFileReference; lastKnownFileType = sourcecode.c.objc; path = AppDelegate.m; sourceTree = "<group>"; };
		BC71FDE5247ECE8B00AC8B9B /* SceneDelegate.h */ = {isa = PBXFileReference; lastKnownFileType = sourcecode.c.h; path = SceneDelegate.h; sourceTree = "<group>"; };
		BC71FDE6247ECE8B00AC8B9B /* SceneDelegate.m */ = {isa = PBXFileReference; lastKnownFileType = sourcecode.c.objc; path = SceneDelegate.m; sourceTree = "<group>"; };
		BC71FDE8247ECE8B00AC8B9B /* ViewController.h */ = {isa = PBXFileReference; lastKnownFileType = sourcecode.c.h; path = ViewController.h; sourceTree = "<group>"; };
		BC71FDE9247ECE8B00AC8B9B /* ViewController.m */ = {isa = PBXFileReference; lastKnownFileType = sourcecode.c.objc; path = ViewController.m; sourceTree = "<group>"; };
		BC71FDEC247ECE8B00AC8B9B /* Base */ = {isa = PBXFileReference; lastKnownFileType = file.storyboard; name = Base; path = Base.lproj/Main.storyboard; sourceTree = "<group>"; };
		BC71FDEF247ECE8B00AC8B9B /* SoundPlayingApp.xcdatamodel */ = {isa = PBXFileReference; lastKnownFileType = wrapper.xcdatamodel; path = SoundPlayingApp.xcdatamodel; sourceTree = "<group>"; };
		BC71FDF1247ECE8D00AC8B9B /* Assets.xcassets */ = {isa = PBXFileReference; lastKnownFileType = folder.assetcatalog; path = Assets.xcassets; sourceTree = "<group>"; };
		BC71FDF4247ECE8D00AC8B9B /* Base */ = {isa = PBXFileReference; lastKnownFileType = file.storyboard; name = Base; path = Base.lproj/LaunchScreen.storyboard; sourceTree = "<group>"; };
		BC71FDF6247ECE8D00AC8B9B /* Info.plist */ = {isa = PBXFileReference; lastKnownFileType = text.plist.xml; path = Info.plist; sourceTree = "<group>"; };
		BC71FDF7247ECE8D00AC8B9B /* main.m */ = {isa = PBXFileReference; lastKnownFileType = sourcecode.c.objc; path = main.m; sourceTree = "<group>"; };
		BC71FDFD247ECE8D00AC8B9B /* SoundPlayingAppTests.xctest */ = {isa = PBXFileReference; explicitFileType = wrapper.cfbundle; includeInIndex = 0; path = SoundPlayingAppTests.xctest; sourceTree = BUILT_PRODUCTS_DIR; };
		BC71FE01247ECE8D00AC8B9B /* SoundPlayingAppTests.m */ = {isa = PBXFileReference; lastKnownFileType = sourcecode.c.objc; path = SoundPlayingAppTests.m; sourceTree = "<group>"; };
		BC71FE03247ECE8D00AC8B9B /* Info.plist */ = {isa = PBXFileReference; lastKnownFileType = text.plist.xml; path = Info.plist; sourceTree = "<group>"; };
		BC71FE08247ECE8D00AC8B9B /* SoundPlayingAppUITests.xctest */ = {isa = PBXFileReference; explicitFileType = wrapper.cfbundle; includeInIndex = 0; path = SoundPlayingAppUITests.xctest; sourceTree = BUILT_PRODUCTS_DIR; };
		BC71FE0C247ECE8D00AC8B9B /* SoundPlayingAppUITests.m */ = {isa = PBXFileReference; lastKnownFileType = sourcecode.c.objc; path = SoundPlayingAppUITests.m; sourceTree = "<group>"; };
		BC71FE0E247ECE8D00AC8B9B /* Info.plist */ = {isa = PBXFileReference; lastKnownFileType = text.plist.xml; path = Info.plist; sourceTree = "<group>"; };
/* End PBXFileReference section */

/* Begin PBXFrameworksBuildPhase section */
		BC71FDDC247ECE8B00AC8B9B /* Frameworks */ = {
			isa = PBXFrameworksBuildPhase;
			buildActionMask = 2147483647;
			files = (
			);
			runOnlyForDeploymentPostprocessing = 0;
		};
		BC71FDFA247ECE8D00AC8B9B /* Frameworks */ = {
			isa = PBXFrameworksBuildPhase;
			buildActionMask = 2147483647;
			files = (
			);
			runOnlyForDeploymentPostprocessing = 0;
		};
		BC71FE05247ECE8D00AC8B9B /* Frameworks */ = {
			isa = PBXFrameworksBuildPhase;
			buildActionMask = 2147483647;
			files = (
			);
			runOnlyForDeploymentPostprocessing = 0;
		};
/* End PBXFrameworksBuildPhase section */

/* Begin PBXGroup section */
		BC71FDD6247ECE8B00AC8B9B = {
			isa = PBXGroup;
			children = (
				BC71FDE1247ECE8B00AC8B9B /* SoundPlayingApp */,
				BC71FE00247ECE8D00AC8B9B /* SoundPlayingAppTests */,
				BC71FE0B247ECE8D00AC8B9B /* SoundPlayingAppUITests */,
				BC71FDE0247ECE8B00AC8B9B /* Products */,
			);
			sourceTree = "<group>";
		};
		BC71FDE0247ECE8B00AC8B9B /* Products */ = {
			isa = PBXGroup;
			children = (
				BC71FDDF247ECE8B00AC8B9B /* SoundPlayingApp.app */,
				BC71FDFD247ECE8D00AC8B9B /* SoundPlayingAppTests.xctest */,
				BC71FE08247ECE8D00AC8B9B /* SoundPlayingAppUITests.xctest */,
			);
			name = Products;
			sourceTree = "<group>";
		};
		BC71FDE1247ECE8B00AC8B9B /* SoundPlayingApp */ = {
			isa = PBXGroup;
			children = (
				BC71FDE2247ECE8B00AC8B9B /* AppDelegate.h */,
				BC71FDE3247ECE8B00AC8B9B /* AppDelegate.m */,
				BC71FDE5247ECE8B00AC8B9B /* SceneDelegate.h */,
				BC71FDE6247ECE8B00AC8B9B /* SceneDelegate.m */,
				BC71FDE8247ECE8B00AC8B9B /* ViewController.h */,
				BC71FDE9247ECE8B00AC8B9B /* ViewController.m */,
				BC71FDEB247ECE8B00AC8B9B /* Main.storyboard */,
				BC71FDF1247ECE8D00AC8B9B /* Assets.xcassets */,
				BC71FDF3247ECE8D00AC8B9B /* LaunchScreen.storyboard */,
				BC71FDF6247ECE8D00AC8B9B /* Info.plist */,
				BC71FDF7247ECE8D00AC8B9B /* main.m */,
				BC71FDEE247ECE8B00AC8B9B /* SoundPlayingApp.xcdatamodeld */,
			);
			path = SoundPlayingApp;
			sourceTree = "<group>";
		};
		BC71FE00247ECE8D00AC8B9B /* SoundPlayingAppTests */ = {
			isa = PBXGroup;
			children = (
				BC71FE01247ECE8D00AC8B9B /* SoundPlayingAppTests.m */,
				BC71FE03247ECE8D00AC8B9B /* Info.plist */,
			);
			path = SoundPlayingAppTests;
			sourceTree = "<group>";
		};
		BC71FE0B247ECE8D00AC8B9B /* SoundPlayingAppUITests */ = {
			isa = PBXGroup;
			children = (
				BC71FE0C247ECE8D00AC8B9B /* SoundPlayingAppUITests.m */,
				BC71FE0E247ECE8D00AC8B9B /* Info.plist */,
			);
			path = SoundPlayingAppUITests;
			sourceTree = "<group>";
		};
/* End PBXGroup section */

/* Begin PBXNativeTarget section */
		BC71FDDE247ECE8B00AC8B9B /* SoundPlayingApp */ = {
			isa = PBXNativeTarget;
			buildConfigurationList = BC71FE11247ECE8D00AC8B9B /* Build configuration list for PBXNativeTarget "SoundPlayingApp" */;
			buildPhases = (
				BC71FDDB247ECE8B00AC8B9B /* Sources */,
				BC71FDDC247ECE8B00AC8B9B /* Frameworks */,
				BC71FDDD247ECE8B00AC8B9B /* Resources */,
			);
			buildRules = (
			);
			dependencies = (
			);
			name = SoundPlayingApp;
			productName = SoundPlayingApp;
			productReference = BC71FDDF247ECE8B00AC8B9B /* SoundPlayingApp.app */;
			productType = "com.apple.product-type.application";
		};
		BC71FDFC247ECE8D00AC8B9B /* SoundPlayingAppTests */ = {
			isa = PBXNativeTarget;
			buildConfigurationList = BC71FE14247ECE8D00AC8B9B /* Build configuration list for PBXNativeTarget "SoundPlayingAppTests" */;
			buildPhases = (
				BC71FDF9247ECE8D00AC8B9B /* Sources */,
				BC71FDFA247ECE8D00AC8B9B /* Frameworks */,
				BC71FDFB247ECE8D00AC8B9B /* Resources */,
			);
			buildRules = (
			);
			dependencies = (
				BC71FDFF247ECE8D00AC8B9B /* PBXTargetDependency */,
			);
			name = SoundPlayingAppTests;
			productName = SoundPlayingAppTests;
			productReference = BC71FDFD247ECE8D00AC8B9B /* SoundPlayingAppTests.xctest */;
			productType = "com.apple.product-type.bundle.unit-test";
		};
		BC71FE07247ECE8D00AC8B9B /* SoundPlayingAppUITests */ = {
			isa = PBXNativeTarget;
			buildConfigurationList = BC71FE17247ECE8D00AC8B9B /* Build configuration list for PBXNativeTarget "SoundPlayingAppUITests" */;
			buildPhases = (
				BC71FE04247ECE8D00AC8B9B /* Sources */,
				BC71FE05247ECE8D00AC8B9B /* Frameworks */,
				BC71FE06247ECE8D00AC8B9B /* Resources */,
			);
			buildRules = (
			);
			dependencies = (
				BC71FE0A247ECE8D00AC8B9B /* PBXTargetDependency */,
			);
			name = SoundPlayingAppUITests;
			productName = SoundPlayingAppUITests;
			productReference = BC71FE08247ECE8D00AC8B9B /* SoundPlayingAppUITests.xctest */;
			productType = "com.apple.product-type.bundle.ui-testing";
		};
/* End PBXNativeTarget section */

/* Begin PBXProject section */
		BC71FDD7247ECE8B00AC8B9B /* Project object */ = {
			isa = PBXProject;
			attributes = {
				LastUpgradeCheck = 1150;
				ORGANIZATIONNAME = "Vladan Randjelovic";
				TargetAttributes = {
					BC71FDDE247ECE8B00AC8B9B = {
						CreatedOnToolsVersion = 11.5;
					};
					BC71FDFC247ECE8D00AC8B9B = {
						CreatedOnToolsVersion = 11.5;
						TestTargetID = BC71FDDE247ECE8B00AC8B9B;
					};
					BC71FE07247ECE8D00AC8B9B = {
						CreatedOnToolsVersion = 11.5;
						TestTargetID = BC71FDDE247ECE8B00AC8B9B;
					};
				};
			};
			buildConfigurationList = BC71FDDA247ECE8B00AC8B9B /* Build configuration list for PBXProject "SoundPlayingApp" */;
			compatibilityVersion = "Xcode 9.3";
			developmentRegion = en;
			hasScannedForEncodings = 0;
			knownRegions = (
				en,
				Base,
			);
			mainGroup = BC71FDD6247ECE8B00AC8B9B;
			productRefGroup = BC71FDE0247ECE8B00AC8B9B /* Products */;
			projectDirPath = "";
			projectRoot = "";
			targets = (
				BC71FDDE247ECE8B00AC8B9B /* SoundPlayingApp */,
				BC71FDFC247ECE8D00AC8B9B /* SoundPlayingAppTests */,
				BC71FE07247ECE8D00AC8B9B /* SoundPlayingAppUITests */,
			);
		};
/* End PBXProject section */

/* Begin PBXResourcesBuildPhase section */
		BC71FDDD247ECE8B00AC8B9B /* Resources */ = {
			isa = PBXResourcesBuildPhase;
			buildActionMask = 2147483647;
			files = (
				BC71FDF5247ECE8D00AC8B9B /* LaunchScreen.storyboard in Resources */,
				BC71FDF2247ECE8D00AC8B9B /* Assets.xcassets in Resources */,
				BC71FDED247ECE8B00AC8B9B /* Main.storyboard in Resources */,
			);
			runOnlyForDeploymentPostprocessing = 0;
		};
		BC71FDFB247ECE8D00AC8B9B /* Resources */ = {
			isa = PBXResourcesBuildPhase;
			buildActionMask = 2147483647;
			files = (
			);
			runOnlyForDeploymentPostprocessing = 0;
		};
		BC71FE06247ECE8D00AC8B9B /* Resources */ = {
			isa = PBXResourcesBuildPhase;
			buildActionMask = 2147483647;
			files = (
			);
			runOnlyForDeploymentPostprocessing = 0;
		};
/* End PBXResourcesBuildPhase section */

/* Begin PBXSourcesBuildPhase section */
		BC71FDDB247ECE8B00AC8B9B /* Sources */ = {
			isa = PBXSourcesBuildPhase;
			buildActionMask = 2147483647;
			files = (
				BC71FDF8247ECE8D00AC8B9B /* main.m in Sources */,
				BC71FDEA247ECE8B00AC8B9B /* ViewController.m in Sources */,
				BC71FDE4247ECE8B00AC8B9B /* AppDelegate.m in Sources */,
				BC71FDF0247ECE8B00AC8B9B /* SoundPlayingApp.xcdatamodeld in Sources */,
				BC71FDE7247ECE8B00AC8B9B /* SceneDelegate.m in Sources */,
			);
			runOnlyForDeploymentPostprocessing = 0;
		};
		BC71FDF9247ECE8D00AC8B9B /* Sources */ = {
			isa = PBXSourcesBuildPhase;
			buildActionMask = 2147483647;
			files = (
				BC71FE02247ECE8D00AC8B9B /* SoundPlayingAppTests.m in Sources */,
			);
			runOnlyForDeploymentPostprocessing = 0;
		};
		BC71FE04247ECE8D00AC8B9B /* Sources */ = {
			isa = PBXSourcesBuildPhase;
			buildActionMask = 2147483647;
			files = (
				BC71FE0D247ECE8D00AC8B9B /* SoundPlayingAppUITests.m in Sources */,
			);
			runOnlyForDeploymentPostprocessing = 0;
		};
/* End PBXSourcesBuildPhase section */

/* Begin PBXTargetDependency section */
		BC71FDFF247ECE8D00AC8B9B /* PBXTargetDependency */ = {
			isa = PBXTargetDependency;
			target = BC71FDDE247ECE8B00AC8B9B /* SoundPlayingApp */;
			targetProxy = BC71FDFE247ECE8D00AC8B9B /* PBXContainerItemProxy */;
		};
		BC71FE0A247ECE8D00AC8B9B /* PBXTargetDependency */ = {
			isa = PBXTargetDependency;
			target = BC71FDDE247ECE8B00AC8B9B /* SoundPlayingApp */;
			targetProxy = BC71FE09247ECE8D00AC8B9B /* PBXContainerItemProxy */;
		};
/* End PBXTargetDependency section */

/* Begin PBXVariantGroup section */
		BC71FDEB247ECE8B00AC8B9B /* Main.storyboard */ = {
			isa = PBXVariantGroup;
			children = (
				BC71FDEC247ECE8B00AC8B9B /* Base */,
			);
			name = Main.storyboard;
			sourceTree = "<group>";
		};
		BC71FDF3247ECE8D00AC8B9B /* LaunchScreen.storyboard */ = {
			isa = PBXVariantGroup;
			children = (
				BC71FDF4247ECE8D00AC8B9B /* Base */,
			);
			name = LaunchScreen.storyboard;
			sourceTree = "<group>";
		};
/* End PBXVariantGroup section */

/* Begin XCBuildConfiguration section */
		BC71FE0F247ECE8D00AC8B9B /* Debug */ = {
			isa = XCBuildConfiguration;
			buildSettings = {
				ALWAYS_SEARCH_USER_PATHS = NO;
				CLANG_ANALYZER_NONNULL = YES;
				CLANG_ANALYZER_NUMBER_OBJECT_CONVERSION = YES_AGGRESSIVE;
				CLANG_CXX_LANGUAGE_STANDARD = "gnu++14";
				CLANG_CXX_LIBRARY = "libc++";
				CLANG_ENABLE_MODULES = YES;
				CLANG_ENABLE_OBJC_ARC = YES;
				CLANG_ENABLE_OBJC_WEAK = YES;
				CLANG_WARN_BLOCK_CAPTURE_AUTORELEASING = YES;
				CLANG_WARN_BOOL_CONVERSION = YES;
				CLANG_WARN_COMMA = YES;
				CLANG_WARN_CONSTANT_CONVERSION = YES;
				CLANG_WARN_DEPRECATED_OBJC_IMPLEMENTATIONS = YES;
				CLANG_WARN_DIRECT_OBJC_ISA_USAGE = YES_ERROR;
				CLANG_WARN_DOCUMENTATION_COMMENTS = YES;
				CLANG_WARN_EMPTY_BODY = YES;
				CLANG_WARN_ENUM_CONVERSION = YES;
				CLANG_WARN_INFINITE_RECURSION = YES;
				CLANG_WARN_INT_CONVERSION = YES;
				CLANG_WARN_NON_LITERAL_NULL_CONVERSION = YES;
				CLANG_WARN_OBJC_IMPLICIT_RETAIN_SELF = YES;
				CLANG_WARN_OBJC_LITERAL_CONVERSION = YES;
				CLANG_WARN_OBJC_ROOT_CLASS = YES_ERROR;
				CLANG_WARN_RANGE_LOOP_ANALYSIS = YES;
				CLANG_WARN_STRICT_PROTOTYPES = YES;
				CLANG_WARN_SUSPICIOUS_MOVE = YES;
				CLANG_WARN_UNGUARDED_AVAILABILITY = YES_AGGRESSIVE;
				CLANG_WARN_UNREACHABLE_CODE = YES;
				CLANG_WARN__DUPLICATE_METHOD_MATCH = YES;
				COPY_PHASE_STRIP = NO;
				DEBUG_INFORMATION_FORMAT = dwarf;
				ENABLE_STRICT_OBJC_MSGSEND = YES;
				ENABLE_TESTABILITY = YES;
				GCC_C_LANGUAGE_STANDARD = gnu11;
				GCC_DYNAMIC_NO_PIC = NO;
				GCC_NO_COMMON_BLOCKS = YES;
				GCC_OPTIMIZATION_LEVEL = 0;
				GCC_PREPROCESSOR_DEFINITIONS = (
					"DEBUG=1",
					"$(inherited)",
				);
				GCC_WARN_64_TO_32_BIT_CONVERSION = YES;
				GCC_WARN_ABOUT_RETURN_TYPE = YES_ERROR;
				GCC_WARN_UNDECLARED_SELECTOR = YES;
				GCC_WARN_UNINITIALIZED_AUTOS = YES_AGGRESSIVE;
				GCC_WARN_UNUSED_FUNCTION = YES;
				GCC_WARN_UNUSED_VARIABLE = YES;
				IPHONEOS_DEPLOYMENT_TARGET = 13.5;
				MTL_ENABLE_DEBUG_INFO = INCLUDE_SOURCE;
				MTL_FAST_MATH = YES;
				ONLY_ACTIVE_ARCH = YES;
				SDKROOT = iphoneos;
			};
			name = Debug;
		};
		BC71FE10247ECE8D00AC8B9B /* Release */ = {
			isa = XCBuildConfiguration;
			buildSettings = {
				ALWAYS_SEARCH_USER_PATHS = NO;
				CLANG_ANALYZER_NONNULL = YES;
				CLANG_ANALYZER_NUMBER_OBJECT_CONVERSION = YES_AGGRESSIVE;
				CLANG_CXX_LANGUAGE_STANDARD = "gnu++14";
				CLANG_CXX_LIBRARY = "libc++";
				CLANG_ENABLE_MODULES = YES;
				CLANG_ENABLE_OBJC_ARC = YES;
				CLANG_ENABLE_OBJC_WEAK = YES;
				CLANG_WARN_BLOCK_CAPTURE_AUTORELEASING = YES;
				CLANG_WARN_BOOL_CONVERSION = YES;
				CLANG_WARN_COMMA = YES;
				CLANG_WARN_CONSTANT_CONVERSION = YES;
				CLANG_WARN_DEPRECATED_OBJC_IMPLEMENTATIONS = YES;
				CLANG_WARN_DIRECT_OBJC_ISA_USAGE = YES_ERROR;
				CLANG_WARN_DOCUMENTATION_COMMENTS = YES;
				CLANG_WARN_EMPTY_BODY = YES;
				CLANG_WARN_ENUM_CONVERSION = YES;
				CLANG_WARN_INFINITE_RECURSION = YES;
				CLANG_WARN_INT_CONVERSION = YES;
				CLANG_WARN_NON_LITERAL_NULL_CONVERSION = YES;
				CLANG_WARN_OBJC_IMPLICIT_RETAIN_SELF = YES;
				CLANG_WARN_OBJC_LITERAL_CONVERSION = YES;
				CLANG_WARN_OBJC_ROOT_CLASS = YES_ERROR;
				CLANG_WARN_RANGE_LOOP_ANALYSIS = YES;
				CLANG_WARN_STRICT_PROTOTYPES = YES;
				CLANG_WARN_SUSPICIOUS_MOVE = YES;
				CLANG_WARN_UNGUARDED_AVAILABILITY = YES_AGGRESSIVE;
				CLANG_WARN_UNREACHABLE_CODE = YES;
				CLANG_WARN__DUPLICATE_METHOD_MATCH = YES;
				COPY_PHASE_STRIP = NO;
				DEBUG_INFORMATION_FORMAT = "dwarf-with-dsym";
				ENABLE_NS_ASSERTIONS = NO;
				ENABLE_STRICT_OBJC_MSGSEND = YES;
				GCC_C_LANGUAGE_STANDARD = gnu11;
				GCC_NO_COMMON_BLOCKS = YES;
				GCC_WARN_64_TO_32_BIT_CONVERSION = YES;
				GCC_WARN_ABOUT_RETURN_TYPE = YES_ERROR;
				GCC_WARN_UNDECLARED_SELECTOR = YES;
				GCC_WARN_UNINITIALIZED_AUTOS = YES_AGGRESSIVE;
				GCC_WARN_UNUSED_FUNCTION = YES;
				GCC_WARN_UNUSED_VARIABLE = YES;
				IPHONEOS_DEPLOYMENT_TARGET = 13.5;
				MTL_ENABLE_DEBUG_INFO = NO;
				MTL_FAST_MATH = YES;
				SDKROOT = iphoneos;
				VALIDATE_PRODUCT = YES;
			};
			name = Release;
		};
		BC71FE12247ECE8D00AC8B9B /* Debug */ = {
			isa = XCBuildConfiguration;
			buildSettings = {
				ASSETCATALOG_COMPILER_APPICON_NAME = AppIcon;
				CODE_SIGN_STYLE = Automatic;
				DEVELOPMENT_TEAM = 9NC9458SLG;
				INFOPLIST_FILE = SoundPlayingApp/Info.plist;
				LD_RUNPATH_SEARCH_PATHS = (
					"$(inherited)",
					"@executable_path/Frameworks",
				);
				PRODUCT_BUNDLE_IDENTIFIER = com.vladan.SoundPlayingApp;
				PRODUCT_NAME = "$(TARGET_NAME)";
				TARGETED_DEVICE_FAMILY = "1,2";
			};
			name = Debug;
		};
		BC71FE13247ECE8D00AC8B9B /* Release */ = {
			isa = XCBuildConfiguration;
			buildSettings = {
				ASSETCATALOG_COMPILER_APPICON_NAME = AppIcon;
				CODE_SIGN_STYLE = Automatic;
				DEVELOPMENT_TEAM = 9NC9458SLG;
				INFOPLIST_FILE = SoundPlayingApp/Info.plist;
				LD_RUNPATH_SEARCH_PATHS = (
					"$(inherited)",
					"@executable_path/Frameworks",
				);
				PRODUCT_BUNDLE_IDENTIFIER = com.vladan.SoundPlayingApp;
				PRODUCT_NAME = "$(TARGET_NAME)";
				TARGETED_DEVICE_FAMILY = "1,2";
			};
			name = Release;
		};
		BC71FE15247ECE8D00AC8B9B /* Debug */ = {
			isa = XCBuildConfiguration;
			buildSettings = {
				BUNDLE_LOADER = "$(TEST_HOST)";
				CODE_SIGN_STYLE = Automatic;
				DEVELOPMENT_TEAM = 9NC9458SLG;
				INFOPLIST_FILE = SoundPlayingAppTests/Info.plist;
				IPHONEOS_DEPLOYMENT_TARGET = 13.5;
				LD_RUNPATH_SEARCH_PATHS = (
					"$(inherited)",
					"@executable_path/Frameworks",
					"@loader_path/Frameworks",
				);
				PRODUCT_BUNDLE_IDENTIFIER = com.vladan.SoundPlayingAppTests;
				PRODUCT_NAME = "$(TARGET_NAME)";
				TARGETED_DEVICE_FAMILY = "1,2";
				TEST_HOST = "$(BUILT_PRODUCTS_DIR)/SoundPlayingApp.app/SoundPlayingApp";
			};
			name = Debug;
		};
		BC71FE16247ECE8D00AC8B9B /* Release */ = {
			isa = XCBuildConfiguration;
			buildSettings = {
				BUNDLE_LOADER = "$(TEST_HOST)";
				CODE_SIGN_STYLE = Automatic;
				DEVELOPMENT_TEAM = 9NC9458SLG;
				INFOPLIST_FILE = SoundPlayingAppTests/Info.plist;
				IPHONEOS_DEPLOYMENT_TARGET = 13.5;
				LD_RUNPATH_SEARCH_PATHS = (
					"$(inherited)",
					"@executable_path/Frameworks",
					"@loader_path/Frameworks",
				);
				PRODUCT_BUNDLE_IDENTIFIER = com.vladan.SoundPlayingAppTests;
				PRODUCT_NAME = "$(TARGET_NAME)";
				TARGETED_DEVICE_FAMILY = "1,2";
				TEST_HOST = "$(BUILT_PRODUCTS_DIR)/SoundPlayingApp.app/SoundPlayingApp";
			};
			name = Release;
		};
		BC71FE18247ECE8D00AC8B9B /* Debug */ = {
			isa = XCBuildConfiguration;
			buildSettings = {
				CODE_SIGN_STYLE = Automatic;
				DEVELOPMENT_TEAM = 9NC9458SLG;
				INFOPLIST_FILE = SoundPlayingAppUITests/Info.plist;
				LD_RUNPATH_SEARCH_PATHS = (
					"$(inherited)",
					"@executable_path/Frameworks",
					"@loader_path/Frameworks",
				);
				PRODUCT_BUNDLE_IDENTIFIER = com.vladan.SoundPlayingAppUITests;
				PRODUCT_NAME = "$(TARGET_NAME)";
				TARGETED_DEVICE_FAMILY = "1,2";
				TEST_TARGET_NAME = SoundPlayingApp;
			};
			name = Debug;
		};
		BC71FE19247ECE8D00AC8B9B /* Release */ = {
			isa = XCBuildConfiguration;
			buildSettings = {
				CODE_SIGN_STYLE = Automatic;
				DEVELOPMENT_TEAM = 9NC9458SLG;
				INFOPLIST_FILE = SoundPlayingAppUITests/Info.plist;
				LD_RUNPATH_SEARCH_PATHS = (
					"$(inherited)",
					"@executable_path/Frameworks",
					"@loader_path/Frameworks",
				);
				PRODUCT_BUNDLE_IDENTIFIER = com.vladan.SoundPlayingAppUITests;
				PRODUCT_NAME = "$(TARGET_NAME)";
				TARGETED_DEVICE_FAMILY = "1,2";
				TEST_TARGET_NAME = SoundPlayingApp;
			};
			name = Release;
		};
/* End XCBuildConfiguration section */

/* Begin XCConfigurationList section */
		BC71FDDA247ECE8B00AC8B9B /* Build configuration list for PBXProject "SoundPlayingApp" */ = {
			isa = XCConfigurationList;
			buildConfigurations = (
				BC71FE0F247ECE8D00AC8B9B /* Debug */,
				BC71FE10247ECE8D00AC8B9B /* Release */,
			);
			defaultConfigurationIsVisible = 0;
			defaultConfigurationName = Release;
		};
		BC71FE11247ECE8D00AC8B9B /* Build configuration list for PBXNativeTarget "SoundPlayingApp" */ = {
			isa = XCConfigurationList;
			buildConfigurations = (
				BC71FE12247ECE8D00AC8B9B /* Debug */,
				BC71FE13247ECE8D00AC8B9B /* Release */,
			);
			defaultConfigurationIsVisible = 0;
			defaultConfigurationName = Release;
		};
		BC71FE14247ECE8D00AC8B9B /* Build configuration list for PBXNativeTarget "SoundPlayingAppTests" */ = {
			isa = XCConfigurationList;
			buildConfigurations = (
				BC71FE15247ECE8D00AC8B9B /* Debug */,
				BC71FE16247ECE8D00AC8B9B /* Release */,
			);
			defaultConfigurationIsVisible = 0;
			defaultConfigurationName = Release;
		};
		BC71FE17247ECE8D00AC8B9B /* Build configuration list for PBXNativeTarget "SoundPlayingAppUITests" */ = {
			isa = XCConfigurationList;
			buildConfigurations = (
				BC71FE18247ECE8D00AC8B9B /* Debug */,
				BC71FE19247ECE8D00AC8B9B /* Release */,
			);
			defaultConfigurationIsVisible = 0;
			defaultConfigurationName = Release;
		};
/* End XCConfigurationList section */

/* Begin XCVersionGroup section */
		BC71FDEE247ECE8B00AC8B9B /* SoundPlayingApp.xcdatamodeld */ = {
			isa = XCVersionGroup;
			children = (
				BC71FDEF247ECE8B00AC8B9B /* SoundPlayingApp.xcdatamodel */,
			);
			currentVersion = BC71FDEF247ECE8B00AC8B9B /* SoundPlayingApp.xcdatamodel */;
			path = SoundPlayingApp.xcdatamodeld;
			sourceTree = "<group>";
			versionGroupType = wrapper.xcdatamodel;
		};
/* End XCVersionGroup section */
	};
	rootObject = BC71FDD7247ECE8B00AC8B9B /* Project object */;
}
